
Microsoft Visual Studio Solution File, Format Version 12.00
# Visual Studio Version 17
VisualStudioVersion = 17.14.36414.22 d17.14
MinimumVisualStudioVersion = 10.0.40219.1
Project("{FAE04EC0-301F-11D3-BF4B-00C04F79EFBC}") = "autoform", "autoform\autoform.csproj", "{98E929C0-BAD4-40B3-9491-E50E25CC2EDA}"
EndProject
Global
	GlobalSection(SolutionConfigurationPlatforms) = preSolution
		Debug|Any CPU = Debug|Any CPU
		Release|Any CPU = Release|Any CPU
	EndGlobalSection
	GlobalSection(ProjectConfigurationPlatforms) = postSolution
		{98E929C0-BAD4-40B3-9491-E50E25CC2EDA}.Debug|Any CPU.ActiveCfg = Debug|Any CPU
		{98E929C0-BAD4-40B3-9491-E50E25CC2EDA}.Debug|Any CPU.Build.0 = Debug|Any CPU
		{98E929C0-BAD4-40B3-9491-E50E25CC2EDA}.Release|Any CPU.ActiveCfg = Release|Any CPU
		{98E929C0-BAD4-40B3-9491-E50E25CC2EDA}.Release|Any CPU.Build.0 = Release|Any CPU
	EndGlobalSection
	GlobalSection(SolutionProperties) = preSolution
		HideSolutionNode = FALSE
	EndGlobalSection
	GlobalSection(ExtensibilityGlobals) = postSolution
		SolutionGuid = {5C308484-098E-4B39-80A5-0AB94BF32131}
	EndGlobalSection
EndGlobal
